
Microsoft Visual Studio Solution File, Format Version 12.00
# Visual Studio Version 17
VisualStudioVersion = 17.10.35013.160
MinimumVisualStudioVersion = 10.0.40219.1
Project("{9A19103F-16F7-4668-BE54-9A1E7A4F7556}") = "FileHandler", "FileHandler\FileHandler.csproj", "{DEE4A29F-AFCF-4781-A0C8-159FB613F891}"
EndProject
Project("{9A19103F-16F7-4668-BE54-9A1E7A4F7556}") = "CustomVisionPredictionService", "CustomVisionPredictionService\CustomVisionPredictionService.csproj", "{C696963F-D097-4B9D-950F-69867FD0D0C6}"
EndProject
Project("{9A19103F-16F7-4668-BE54-9A1E7A4F7556}") = "Comuns", "Comuns\Comuns.csproj", "{038832C5-928C-47ED-BAAF-B5679D8B2555}"
EndProject
Global
	GlobalSection(SolutionConfigurationPlatforms) = preSolution
		Debug|Any CPU = Debug|Any CPU
		Release|Any CPU = Release|Any CPU
	EndGlobalSection
	GlobalSection(ProjectConfigurationPlatforms) = postSolution
		{DEE4A29F-AFCF-4781-A0C8-159FB613F891}.Debug|Any CPU.ActiveCfg = Debug|Any CPU
		{DEE4A29F-AFCF-4781-A0C8-159FB613F891}.Debug|Any CPU.Build.0 = Debug|Any CPU
		{DEE4A29F-AFCF-4781-A0C8-159FB613F891}.Release|Any CPU.ActiveCfg = Release|Any CPU
		{DEE4A29F-AFCF-4781-A0C8-159FB613F891}.Release|Any CPU.Build.0 = Release|Any CPU
		{C696963F-D097-4B9D-950F-69867FD0D0C6}.Debug|Any CPU.ActiveCfg = Debug|Any CPU
		{C696963F-D097-4B9D-950F-69867FD0D0C6}.Debug|Any CPU.Build.0 = Debug|Any CPU
		{C696963F-D097-4B9D-950F-69867FD0D0C6}.Release|Any CPU.ActiveCfg = Release|Any CPU
		{C696963F-D097-4B9D-950F-69867FD0D0C6}.Release|Any CPU.Build.0 = Release|Any CPU
		{038832C5-928C-47ED-BAAF-B5679D8B2555}.Debug|Any CPU.ActiveCfg = Debug|Any CPU
		{038832C5-928C-47ED-BAAF-B5679D8B2555}.Debug|Any CPU.Build.0 = Debug|Any CPU
		{038832C5-928C-47ED-BAAF-B5679D8B2555}.Release|Any CPU.ActiveCfg = Release|Any CPU
		{038832C5-928C-47ED-BAAF-B5679D8B2555}.Release|Any CPU.Build.0 = Release|Any CPU
	EndGlobalSection
	GlobalSection(SolutionProperties) = preSolution
		HideSolutionNode = FALSE
	EndGlobalSection
	GlobalSection(ExtensibilityGlobals) = postSolution
		SolutionGuid = {4F137401-F68E-4C07-B500-E361777DD515}
	EndGlobalSection
EndGlobal
