
Microsoft Visual Studio Solution File, Format Version 12.00
# Visual Studio Version 17
VisualStudioVersion = 17.10.35013.160
MinimumVisualStudioVersion = 10.0.40219.1
Project("{9A19103F-16F7-4668-BE54-9A1E7A4F7556}") = "CustomVisionPredictionService", "CustomVisionPredictionService\CustomVisionPredictionService.csproj", "{C696963F-D097-4B9D-950F-69867FD0D0C6}"
EndProject
Project("{9A19103F-16F7-4668-BE54-9A1E7A4F7556}") = "Comuns", "Comuns\Comuns.csproj", "{038832C5-928C-47ED-BAAF-B5679D8B2555}"
EndProject
Project("{9A19103F-16F7-4668-BE54-9A1E7A4F7556}") = "YoloPredictionService", "YoloPredictionService\YoloPredictionService.csproj", "{4506BD44-5042-494D-AE52-1DAF56684887}"
EndProject
Project("{9A19103F-16F7-4668-BE54-9A1E7A4F7556}") = "FileManagementService", "FileManagementService\FileManagementService.csproj", "{E1AAC791-76FE-4848-9A17-1AE1C8585F5C}"
EndProject
Project("{FAE04EC0-301F-11D3-BF4B-00C04F79EFBC}") = "PhotographService", "PhotographService\PhotographService.csproj", "{ADF7CC88-0630-47D4-92B4-6B5EE7E6C705}"
EndProject
Global
	GlobalSection(SolutionConfigurationPlatforms) = preSolution
		Debug|Any CPU = Debug|Any CPU
		Debug|ARM = Debug|ARM
		Debug|ARM64 = Debug|ARM64
		Debug|x64 = Debug|x64
		Debug|x86 = Debug|x86
		Release|Any CPU = Release|Any CPU
		Release|ARM = Release|ARM
		Release|ARM64 = Release|ARM64
		Release|x64 = Release|x64
		Release|x86 = Release|x86
	EndGlobalSection
	GlobalSection(ProjectConfigurationPlatforms) = postSolution
		{C696963F-D097-4B9D-950F-69867FD0D0C6}.Debug|Any CPU.ActiveCfg = Debug|Any CPU
		{C696963F-D097-4B9D-950F-69867FD0D0C6}.Debug|Any CPU.Build.0 = Debug|Any CPU
		{C696963F-D097-4B9D-950F-69867FD0D0C6}.Debug|ARM.ActiveCfg = Debug|Any CPU
		{C696963F-D097-4B9D-950F-69867FD0D0C6}.Debug|ARM.Build.0 = Debug|Any CPU
		{C696963F-D097-4B9D-950F-69867FD0D0C6}.Debug|ARM64.ActiveCfg = Debug|Any CPU
		{C696963F-D097-4B9D-950F-69867FD0D0C6}.Debug|ARM64.Build.0 = Debug|Any CPU
		{C696963F-D097-4B9D-950F-69867FD0D0C6}.Debug|x64.ActiveCfg = Debug|Any CPU
		{C696963F-D097-4B9D-950F-69867FD0D0C6}.Debug|x64.Build.0 = Debug|Any CPU
		{C696963F-D097-4B9D-950F-69867FD0D0C6}.Debug|x86.ActiveCfg = Debug|Any CPU
		{C696963F-D097-4B9D-950F-69867FD0D0C6}.Debug|x86.Build.0 = Debug|Any CPU
		{C696963F-D097-4B9D-950F-69867FD0D0C6}.Release|Any CPU.ActiveCfg = Release|Any CPU
		{C696963F-D097-4B9D-950F-69867FD0D0C6}.Release|Any CPU.Build.0 = Release|Any CPU
		{C696963F-D097-4B9D-950F-69867FD0D0C6}.Release|ARM.ActiveCfg = Release|Any CPU
		{C696963F-D097-4B9D-950F-69867FD0D0C6}.Release|ARM.Build.0 = Release|Any CPU
		{C696963F-D097-4B9D-950F-69867FD0D0C6}.Release|ARM64.ActiveCfg = Release|Any CPU
		{C696963F-D097-4B9D-950F-69867FD0D0C6}.Release|ARM64.Build.0 = Release|Any CPU
		{C696963F-D097-4B9D-950F-69867FD0D0C6}.Release|x64.ActiveCfg = Release|Any CPU
		{C696963F-D097-4B9D-950F-69867FD0D0C6}.Release|x64.Build.0 = Release|Any CPU
		{C696963F-D097-4B9D-950F-69867FD0D0C6}.Release|x86.ActiveCfg = Release|Any CPU
		{C696963F-D097-4B9D-950F-69867FD0D0C6}.Release|x86.Build.0 = Release|Any CPU
		{038832C5-928C-47ED-BAAF-B5679D8B2555}.Debug|Any CPU.ActiveCfg = Debug|Any CPU
		{038832C5-928C-47ED-BAAF-B5679D8B2555}.Debug|Any CPU.Build.0 = Debug|Any CPU
		{038832C5-928C-47ED-BAAF-B5679D8B2555}.Debug|ARM.ActiveCfg = Debug|Any CPU
		{038832C5-928C-47ED-BAAF-B5679D8B2555}.Debug|ARM.Build.0 = Debug|Any CPU
		{038832C5-928C-47ED-BAAF-B5679D8B2555}.Debug|ARM64.ActiveCfg = Debug|Any CPU
		{038832C5-928C-47ED-BAAF-B5679D8B2555}.Debug|ARM64.Build.0 = Debug|Any CPU
		{038832C5-928C-47ED-BAAF-B5679D8B2555}.Debug|x64.ActiveCfg = Debug|Any CPU
		{038832C5-928C-47ED-BAAF-B5679D8B2555}.Debug|x64.Build.0 = Debug|Any CPU
		{038832C5-928C-47ED-BAAF-B5679D8B2555}.Debug|x86.ActiveCfg = Debug|Any CPU
		{038832C5-928C-47ED-BAAF-B5679D8B2555}.Debug|x86.Build.0 = Debug|Any CPU
		{038832C5-928C-47ED-BAAF-B5679D8B2555}.Release|Any CPU.ActiveCfg = Release|Any CPU
		{038832C5-928C-47ED-BAAF-B5679D8B2555}.Release|Any CPU.Build.0 = Release|Any CPU
		{038832C5-928C-47ED-BAAF-B5679D8B2555}.Release|ARM.ActiveCfg = Release|Any CPU
		{038832C5-928C-47ED-BAAF-B5679D8B2555}.Release|ARM.Build.0 = Release|Any CPU
		{038832C5-928C-47ED-BAAF-B5679D8B2555}.Release|ARM64.ActiveCfg = Release|Any CPU
		{038832C5-928C-47ED-BAAF-B5679D8B2555}.Release|ARM64.Build.0 = Release|Any CPU
		{038832C5-928C-47ED-BAAF-B5679D8B2555}.Release|x64.ActiveCfg = Release|Any CPU
		{038832C5-928C-47ED-BAAF-B5679D8B2555}.Release|x64.Build.0 = Release|Any CPU
		{038832C5-928C-47ED-BAAF-B5679D8B2555}.Release|x86.ActiveCfg = Release|Any CPU
		{038832C5-928C-47ED-BAAF-B5679D8B2555}.Release|x86.Build.0 = Release|Any CPU
		{4506BD44-5042-494D-AE52-1DAF56684887}.Debug|Any CPU.ActiveCfg = Debug|Any CPU
		{4506BD44-5042-494D-AE52-1DAF56684887}.Debug|Any CPU.Build.0 = Debug|Any CPU
		{4506BD44-5042-494D-AE52-1DAF56684887}.Debug|ARM.ActiveCfg = Debug|Any CPU
		{4506BD44-5042-494D-AE52-1DAF56684887}.Debug|ARM.Build.0 = Debug|Any CPU
		{4506BD44-5042-494D-AE52-1DAF56684887}.Debug|ARM64.ActiveCfg = Debug|Any CPU
		{4506BD44-5042-494D-AE52-1DAF56684887}.Debug|ARM64.Build.0 = Debug|Any CPU
		{4506BD44-5042-494D-AE52-1DAF56684887}.Debug|x64.ActiveCfg = Debug|Any CPU
		{4506BD44-5042-494D-AE52-1DAF56684887}.Debug|x64.Build.0 = Debug|Any CPU
		{4506BD44-5042-494D-AE52-1DAF56684887}.Debug|x86.ActiveCfg = Debug|Any CPU
		{4506BD44-5042-494D-AE52-1DAF56684887}.Debug|x86.Build.0 = Debug|Any CPU
		{4506BD44-5042-494D-AE52-1DAF56684887}.Release|Any CPU.ActiveCfg = Release|Any CPU
		{4506BD44-5042-494D-AE52-1DAF56684887}.Release|Any CPU.Build.0 = Release|Any CPU
		{4506BD44-5042-494D-AE52-1DAF56684887}.Release|ARM.ActiveCfg = Release|Any CPU
		{4506BD44-5042-494D-AE52-1DAF56684887}.Release|ARM.Build.0 = Release|Any CPU
		{4506BD44-5042-494D-AE52-1DAF56684887}.Release|ARM64.ActiveCfg = Release|Any CPU
		{4506BD44-5042-494D-AE52-1DAF56684887}.Release|ARM64.Build.0 = Release|Any CPU
		{4506BD44-5042-494D-AE52-1DAF56684887}.Release|x64.ActiveCfg = Release|Any CPU
		{4506BD44-5042-494D-AE52-1DAF56684887}.Release|x64.Build.0 = Release|Any CPU
		{4506BD44-5042-494D-AE52-1DAF56684887}.Release|x86.ActiveCfg = Release|Any CPU
		{4506BD44-5042-494D-AE52-1DAF56684887}.Release|x86.Build.0 = Release|Any CPU
		{E1AAC791-76FE-4848-9A17-1AE1C8585F5C}.Debug|Any CPU.ActiveCfg = Debug|Any CPU
		{E1AAC791-76FE-4848-9A17-1AE1C8585F5C}.Debug|Any CPU.Build.0 = Debug|Any CPU
		{E1AAC791-76FE-4848-9A17-1AE1C8585F5C}.Debug|ARM.ActiveCfg = Debug|Any CPU
		{E1AAC791-76FE-4848-9A17-1AE1C8585F5C}.Debug|ARM.Build.0 = Debug|Any CPU
		{E1AAC791-76FE-4848-9A17-1AE1C8585F5C}.Debug|ARM64.ActiveCfg = Debug|Any CPU
		{E1AAC791-76FE-4848-9A17-1AE1C8585F5C}.Debug|ARM64.Build.0 = Debug|Any CPU
		{E1AAC791-76FE-4848-9A17-1AE1C8585F5C}.Debug|x64.ActiveCfg = Debug|Any CPU
		{E1AAC791-76FE-4848-9A17-1AE1C8585F5C}.Debug|x64.Build.0 = Debug|Any CPU
		{E1AAC791-76FE-4848-9A17-1AE1C8585F5C}.Debug|x86.ActiveCfg = Debug|Any CPU
		{E1AAC791-76FE-4848-9A17-1AE1C8585F5C}.Debug|x86.Build.0 = Debug|Any CPU
		{E1AAC791-76FE-4848-9A17-1AE1C8585F5C}.Release|Any CPU.ActiveCfg = Release|Any CPU
		{E1AAC791-76FE-4848-9A17-1AE1C8585F5C}.Release|Any CPU.Build.0 = Release|Any CPU
		{E1AAC791-76FE-4848-9A17-1AE1C8585F5C}.Release|ARM.ActiveCfg = Release|Any CPU
		{E1AAC791-76FE-4848-9A17-1AE1C8585F5C}.Release|ARM.Build.0 = Release|Any CPU
		{E1AAC791-76FE-4848-9A17-1AE1C8585F5C}.Release|ARM64.ActiveCfg = Release|Any CPU
		{E1AAC791-76FE-4848-9A17-1AE1C8585F5C}.Release|ARM64.Build.0 = Release|Any CPU
		{E1AAC791-76FE-4848-9A17-1AE1C8585F5C}.Release|x64.ActiveCfg = Release|Any CPU
		{E1AAC791-76FE-4848-9A17-1AE1C8585F5C}.Release|x64.Build.0 = Release|Any CPU
		{E1AAC791-76FE-4848-9A17-1AE1C8585F5C}.Release|x86.ActiveCfg = Release|Any CPU
		{E1AAC791-76FE-4848-9A17-1AE1C8585F5C}.Release|x86.Build.0 = Release|Any CPU
		{ADF7CC88-0630-47D4-92B4-6B5EE7E6C705}.Debug|Any CPU.ActiveCfg = Debug|x64
		{ADF7CC88-0630-47D4-92B4-6B5EE7E6C705}.Debug|Any CPU.Build.0 = Debug|x64
		{ADF7CC88-0630-47D4-92B4-6B5EE7E6C705}.Debug|Any CPU.Deploy.0 = Debug|x64
		{ADF7CC88-0630-47D4-92B4-6B5EE7E6C705}.Debug|ARM.ActiveCfg = Debug|ARM
		{ADF7CC88-0630-47D4-92B4-6B5EE7E6C705}.Debug|ARM.Build.0 = Debug|ARM
		{ADF7CC88-0630-47D4-92B4-6B5EE7E6C705}.Debug|ARM.Deploy.0 = Debug|ARM
		{ADF7CC88-0630-47D4-92B4-6B5EE7E6C705}.Debug|ARM64.ActiveCfg = Debug|ARM64
		{ADF7CC88-0630-47D4-92B4-6B5EE7E6C705}.Debug|ARM64.Build.0 = Debug|ARM64
		{ADF7CC88-0630-47D4-92B4-6B5EE7E6C705}.Debug|ARM64.Deploy.0 = Debug|ARM64
		{ADF7CC88-0630-47D4-92B4-6B5EE7E6C705}.Debug|x64.ActiveCfg = Debug|x64
		{ADF7CC88-0630-47D4-92B4-6B5EE7E6C705}.Debug|x64.Build.0 = Debug|x64
		{ADF7CC88-0630-47D4-92B4-6B5EE7E6C705}.Debug|x64.Deploy.0 = Debug|x64
		{ADF7CC88-0630-47D4-92B4-6B5EE7E6C705}.Debug|x86.ActiveCfg = Debug|x86
		{ADF7CC88-0630-47D4-92B4-6B5EE7E6C705}.Debug|x86.Build.0 = Debug|x86
		{ADF7CC88-0630-47D4-92B4-6B5EE7E6C705}.Debug|x86.Deploy.0 = Debug|x86
		{ADF7CC88-0630-47D4-92B4-6B5EE7E6C705}.Release|Any CPU.ActiveCfg = Release|x64
		{ADF7CC88-0630-47D4-92B4-6B5EE7E6C705}.Release|Any CPU.Build.0 = Release|x64
		{ADF7CC88-0630-47D4-92B4-6B5EE7E6C705}.Release|Any CPU.Deploy.0 = Release|x64
		{ADF7CC88-0630-47D4-92B4-6B5EE7E6C705}.Release|ARM.ActiveCfg = Release|ARM
		{ADF7CC88-0630-47D4-92B4-6B5EE7E6C705}.Release|ARM.Build.0 = Release|ARM
		{ADF7CC88-0630-47D4-92B4-6B5EE7E6C705}.Release|ARM.Deploy.0 = Release|ARM
		{ADF7CC88-0630-47D4-92B4-6B5EE7E6C705}.Release|ARM64.ActiveCfg = Release|ARM64
		{ADF7CC88-0630-47D4-92B4-6B5EE7E6C705}.Release|ARM64.Build.0 = Release|ARM64
		{ADF7CC88-0630-47D4-92B4-6B5EE7E6C705}.Release|ARM64.Deploy.0 = Release|ARM64
		{ADF7CC88-0630-47D4-92B4-6B5EE7E6C705}.Release|x64.ActiveCfg = Release|x64
		{ADF7CC88-0630-47D4-92B4-6B5EE7E6C705}.Release|x64.Build.0 = Release|x64
		{ADF7CC88-0630-47D4-92B4-6B5EE7E6C705}.Release|x64.Deploy.0 = Release|x64
		{ADF7CC88-0630-47D4-92B4-6B5EE7E6C705}.Release|x86.ActiveCfg = Release|x86
		{ADF7CC88-0630-47D4-92B4-6B5EE7E6C705}.Release|x86.Build.0 = Release|x86
		{ADF7CC88-0630-47D4-92B4-6B5EE7E6C705}.Release|x86.Deploy.0 = Release|x86
	EndGlobalSection
	GlobalSection(SolutionProperties) = preSolution
		HideSolutionNode = FALSE
	EndGlobalSection
	GlobalSection(ExtensibilityGlobals) = postSolution
		SolutionGuid = {4F137401-F68E-4C07-B500-E361777DD515}
	EndGlobalSection
EndGlobal
