
Microsoft Visual Studio Solution File, Format Version 12.00
# Visual Studio Version 17
VisualStudioVersion = 17.11.35222.181
MinimumVisualStudioVersion = 10.0.40219.1
Project("{FAE04EC0-301F-11D3-BF4B-00C04F79EFBC}") = "ValidationProject", "ValidationProject.csproj", "{4347CE48-C8FF-4FDB-940A-E34A455401BF}"
EndProject
Project("{9A19103F-16F7-4668-BE54-9A1E7A4F7556}") = "YoloPredictionService", "..\..\YoloPredictionService\YoloPredictionService.csproj", "{5AEDD444-A8EA-411D-9E05-C1D6FFE6518F}"
EndProject
Project("{9A19103F-16F7-4668-BE54-9A1E7A4F7556}") = "CustomVisionPredictionService", "..\..\CustomVisionPredictionService\CustomVisionPredictionService.csproj", "{66FFA30D-237B-40B8-9B28-4ADF2FC19561}"
EndProject
Global
	GlobalSection(SolutionConfigurationPlatforms) = preSolution
		Debug|Any CPU = Debug|Any CPU
		Release|Any CPU = Release|Any CPU
	EndGlobalSection
	GlobalSection(ProjectConfigurationPlatforms) = postSolution
		{4347CE48-C8FF-4FDB-940A-E34A455401BF}.Debug|Any CPU.ActiveCfg = Debug|Any CPU
		{4347CE48-C8FF-4FDB-940A-E34A455401BF}.Debug|Any CPU.Build.0 = Debug|Any CPU
		{4347CE48-C8FF-4FDB-940A-E34A455401BF}.Release|Any CPU.ActiveCfg = Release|Any CPU
		{4347CE48-C8FF-4FDB-940A-E34A455401BF}.Release|Any CPU.Build.0 = Release|Any CPU
		{5AEDD444-A8EA-411D-9E05-C1D6FFE6518F}.Debug|Any CPU.ActiveCfg = Debug|Any CPU
		{5AEDD444-A8EA-411D-9E05-C1D6FFE6518F}.Debug|Any CPU.Build.0 = Debug|Any CPU
		{5AEDD444-A8EA-411D-9E05-C1D6FFE6518F}.Release|Any CPU.ActiveCfg = Release|Any CPU
		{5AEDD444-A8EA-411D-9E05-C1D6FFE6518F}.Release|Any CPU.Build.0 = Release|Any CPU
		{66FFA30D-237B-40B8-9B28-4ADF2FC19561}.Debug|Any CPU.ActiveCfg = Debug|Any CPU
		{66FFA30D-237B-40B8-9B28-4ADF2FC19561}.Debug|Any CPU.Build.0 = Debug|Any CPU
		{66FFA30D-237B-40B8-9B28-4ADF2FC19561}.Release|Any CPU.ActiveCfg = Release|Any CPU
		{66FFA30D-237B-40B8-9B28-4ADF2FC19561}.Release|Any CPU.Build.0 = Release|Any CPU
	EndGlobalSection
	GlobalSection(SolutionProperties) = preSolution
		HideSolutionNode = FALSE
	EndGlobalSection
	GlobalSection(ExtensibilityGlobals) = postSolution
		SolutionGuid = {F9934D42-FC3B-4D6C-B985-7B3949C796F6}
	EndGlobalSection
EndGlobal
